
Microsoft Visual Studio Solution File, Format Version 12.00
# Visual Studio 2012
Project("{E24C65DC-7377-472B-9ABA-BC803B73C61A}") = "server", "server\", "{800D1CA5-49D1-4CDC-9962-C96F7A1F1EFF}"
	ProjectSection(WebsiteProperties) = preProject
		TargetFrameworkMoniker = ".NETFramework,Version%3Dv4.0"
		Debug.AspNetCompiler.VirtualPath = "/server"
		Debug.AspNetCompiler.PhysicalPath = "server\"
		Debug.AspNetCompiler.TargetPath = "PrecompiledWeb\server\"
		Debug.AspNetCompiler.Updateable = "true"
		Debug.AspNetCompiler.ForceOverwrite = "true"
		Debug.AspNetCompiler.FixedNames = "false"
		Debug.AspNetCompiler.Debug = "True"
		Release.AspNetCompiler.VirtualPath = "/server"
		Release.AspNetCompiler.PhysicalPath = "server\"
		Release.AspNetCompiler.TargetPath = "PrecompiledWeb\server\"
		Release.AspNetCompiler.Updateable = "true"
		Release.AspNetCompiler.ForceOverwrite = "true"
		Release.AspNetCompiler.FixedNames = "false"
		Release.AspNetCompiler.Debug = "False"
		VWDPort = "54039"
	EndProjectSection
EndProject
Project("{E24C65DC-7377-472B-9ABA-BC803B73C61A}") = "webui", "webui\", "{97C7B209-93CC-4597-AFF1-03AF2164C57C}"
	ProjectSection(WebsiteProperties) = preProject
		TargetFrameworkMoniker = ".NETFramework,Version%3Dv4.0"
		Debug.AspNetCompiler.VirtualPath = "/webui"
		Debug.AspNetCompiler.PhysicalPath = "webui\"
		Debug.AspNetCompiler.TargetPath = "PrecompiledWeb\webui\"
		Debug.AspNetCompiler.Updateable = "true"
		Debug.AspNetCompiler.ForceOverwrite = "true"
		Debug.AspNetCompiler.FixedNames = "false"
		Debug.AspNetCompiler.Debug = "True"
		Release.AspNetCompiler.VirtualPath = "/webui"
		Release.AspNetCompiler.PhysicalPath = "webui\"
		Release.AspNetCompiler.TargetPath = "PrecompiledWeb\webui\"
		Release.AspNetCompiler.Updateable = "true"
		Release.AspNetCompiler.ForceOverwrite = "true"
		Release.AspNetCompiler.FixedNames = "false"
		Release.AspNetCompiler.Debug = "False"
		VWDPort = "54040"
	EndProjectSection
EndProject
Project("{E24C65DC-7377-472B-9ABA-BC803B73C61A}") = "spec", "spec\", "{457AACB6-28B7-4A58-AF0F-BDEDC514FCE2}"
	ProjectSection(WebsiteProperties) = preProject
		TargetFrameworkMoniker = ".NETFramework,Version%3Dv4.0"
		Debug.AspNetCompiler.VirtualPath = "/spec"
		Debug.AspNetCompiler.PhysicalPath = "spec\"
		Debug.AspNetCompiler.TargetPath = "PrecompiledWeb\spec\"
		Debug.AspNetCompiler.Updateable = "true"
		Debug.AspNetCompiler.ForceOverwrite = "true"
		Debug.AspNetCompiler.FixedNames = "false"
		Debug.AspNetCompiler.Debug = "True"
		Release.AspNetCompiler.VirtualPath = "/spec"
		Release.AspNetCompiler.PhysicalPath = "spec\"
		Release.AspNetCompiler.TargetPath = "PrecompiledWeb\spec\"
		Release.AspNetCompiler.Updateable = "true"
		Release.AspNetCompiler.ForceOverwrite = "true"
		Release.AspNetCompiler.FixedNames = "false"
		Release.AspNetCompiler.Debug = "False"
		VWDPort = "65513"
	EndProjectSection
EndProject
Global
	GlobalSection(SolutionConfigurationPlatforms) = preSolution
		Debug|Any CPU = Debug|Any CPU
	EndGlobalSection
	GlobalSection(ProjectConfigurationPlatforms) = postSolution
		{800D1CA5-49D1-4CDC-9962-C96F7A1F1EFF}.Debug|Any CPU.ActiveCfg = Debug|Any CPU
		{800D1CA5-49D1-4CDC-9962-C96F7A1F1EFF}.Debug|Any CPU.Build.0 = Debug|Any CPU
		{97C7B209-93CC-4597-AFF1-03AF2164C57C}.Debug|Any CPU.ActiveCfg = Debug|Any CPU
		{97C7B209-93CC-4597-AFF1-03AF2164C57C}.Debug|Any CPU.Build.0 = Debug|Any CPU
		{457AACB6-28B7-4A58-AF0F-BDEDC514FCE2}.Debug|Any CPU.ActiveCfg = Debug|Any CPU
		{457AACB6-28B7-4A58-AF0F-BDEDC514FCE2}.Debug|Any CPU.Build.0 = Debug|Any CPU
	EndGlobalSection
	GlobalSection(SolutionProperties) = preSolution
		HideSolutionNode = FALSE
	EndGlobalSection
EndGlobal
